
Microsoft Visual Studio Solution File, Format Version 12.00
# Visual Studio 2013
VisualStudioVersion = 12.0.30501.0
MinimumVisualStudioVersion = 10.0.40219.1
Project("{FAE04EC0-301F-11D3-BF4B-00C04F79EFBC}") = "HotelServer", "HotelServer\HotelServer.csproj", "{157913F9-8ABA-4A76-A4E7-F55A4A8E6AEA}"
EndProject
Project("{FAE04EC0-301F-11D3-BF4B-00C04F79EFBC}") = "HotelServer.Tests", "HotelServer.Tests\HotelServer.Tests.csproj", "{AEEF2D1B-9ECE-4F6D-A986-A29D0289CC25}"
EndProject
Global
	GlobalSection(SolutionConfigurationPlatforms) = preSolution
		Debug|Any CPU = Debug|Any CPU
		Release|Any CPU = Release|Any CPU
	EndGlobalSection
	GlobalSection(ProjectConfigurationPlatforms) = postSolution
		{157913F9-8ABA-4A76-A4E7-F55A4A8E6AEA}.Debug|Any CPU.ActiveCfg = Debug|Any CPU
		{157913F9-8ABA-4A76-A4E7-F55A4A8E6AEA}.Debug|Any CPU.Build.0 = Debug|Any CPU
		{157913F9-8ABA-4A76-A4E7-F55A4A8E6AEA}.Release|Any CPU.ActiveCfg = Release|Any CPU
		{157913F9-8ABA-4A76-A4E7-F55A4A8E6AEA}.Release|Any CPU.Build.0 = Release|Any CPU
		{AEEF2D1B-9ECE-4F6D-A986-A29D0289CC25}.Debug|Any CPU.ActiveCfg = Debug|Any CPU
		{AEEF2D1B-9ECE-4F6D-A986-A29D0289CC25}.Debug|Any CPU.Build.0 = Debug|Any CPU
		{AEEF2D1B-9ECE-4F6D-A986-A29D0289CC25}.Release|Any CPU.ActiveCfg = Release|Any CPU
		{AEEF2D1B-9ECE-4F6D-A986-A29D0289CC25}.Release|Any CPU.Build.0 = Release|Any CPU
	EndGlobalSection
	GlobalSection(SolutionProperties) = preSolution
		HideSolutionNode = FALSE
	EndGlobalSection
EndGlobal
